
Microsoft Visual Studio Solution File, Format Version 12.00
# Visual Studio Version 16
VisualStudioVersion = 16.0.31729.503
MinimumVisualStudioVersion = 10.0.40219.1
Project("{FAE04EC0-301F-11D3-BF4B-00C04F79EFBC}") = "ProsteAPI", "ProsteAPI\ProsteAPI.csproj", "{E6307DDB-1436-4070-B990-24E82C38F233}"
EndProject
Global
	GlobalSection(SolutionConfigurationPlatforms) = preSolution
		Debug|Any CPU = Debug|Any CPU
		Release|Any CPU = Release|Any CPU
	EndGlobalSection
	GlobalSection(ProjectConfigurationPlatforms) = postSolution
		{E6307DDB-1436-4070-B990-24E82C38F233}.Debug|Any CPU.ActiveCfg = Debug|Any CPU
		{E6307DDB-1436-4070-B990-24E82C38F233}.Debug|Any CPU.Build.0 = Debug|Any CPU
		{E6307DDB-1436-4070-B990-24E82C38F233}.Release|Any CPU.ActiveCfg = Release|Any CPU
		{E6307DDB-1436-4070-B990-24E82C38F233}.Release|Any CPU.Build.0 = Release|Any CPU
	EndGlobalSection
	GlobalSection(SolutionProperties) = preSolution
		HideSolutionNode = FALSE
	EndGlobalSection
	GlobalSection(ExtensibilityGlobals) = postSolution
		SolutionGuid = {FB943DF7-56AB-4BEC-BCF9-F332C70BF33C}
	EndGlobalSection
EndGlobal
